// !$*UTF8*$!
{
	archiveVersion = 1;
	classes = {
	};
	objectVersion = 46;
	objects = {

/* Begin PBXBuildFile section */
		504E10B11A6E3C7200F461FF /* AppDelegate.swift in Sources */ = {isa = PBXBuildFile; fileRef = 504E10B01A6E3C7200F461FF /* AppDelegate.swift */; };
		504E10B31A6E3C7200F461FF /* ViewController.swift in Sources */ = {isa = PBXBuildFile; fileRef = 504E10B21A6E3C7200F461FF /* ViewController.swift */; };
		504E10B61A6E3C7200F461FF /* Main.storyboard in Resources */ = {isa = PBXBuildFile; fileRef = 504E10B41A6E3C7200F461FF /* Main.storyboard */; };
		504E10B81A6E3C7200F461FF /* Images.xcassets in Resources */ = {isa = PBXBuildFile; fileRef = 504E10B71A6E3C7200F461FF /* Images.xcassets */; };
		504E10BB1A6E3C7200F461FF /* LaunchScreen.xib in Resources */ = {isa = PBXBuildFile; fileRef = 504E10B91A6E3C7200F461FF /* LaunchScreen.xib */; };
		504E10C71A6E3C7200F461FF /* SemverTests.swift in Sources */ = {isa = PBXBuildFile; fileRef = 504E10C61A6E3C7200F461FF /* SemverTests.swift */; };
		504E10D11A6E3C8200F461FF /* Semver.swift in Sources */ = {isa = PBXBuildFile; fileRef = 504E10D01A6E3C8200F461FF /* Semver.swift */; };
/* End PBXBuildFile section */

/* Begin PBXContainerItemProxy section */
		504E10C11A6E3C7200F461FF /* PBXContainerItemProxy */ = {
			isa = PBXContainerItemProxy;
			containerPortal = 504E10A31A6E3C7200F461FF /* Project object */;
			proxyType = 1;
			remoteGlobalIDString = 504E10AA1A6E3C7200F461FF;
			remoteInfo = Semver;
		};
/* End PBXContainerItemProxy section */

/* Begin PBXFileReference section */
		504E10AB1A6E3C7200F461FF /* Semver.app */ = {isa = PBXFileReference; explicitFileType = wrapper.application; includeInIndex = 0; path = Semver.app; sourceTree = BUILT_PRODUCTS_DIR; };
		504E10AF1A6E3C7200F461FF /* Info.plist */ = {isa = PBXFileReference; lastKnownFileType = text.plist.xml; path = Info.plist; sourceTree = "<group>"; };
		504E10B01A6E3C7200F461FF /* AppDelegate.swift */ = {isa = PBXFileReference; lastKnownFileType = sourcecode.swift; path = AppDelegate.swift; sourceTree = "<group>"; };
		504E10B21A6E3C7200F461FF /* ViewController.swift */ = {isa = PBXFileReference; lastKnownFileType = sourcecode.swift; path = ViewController.swift; sourceTree = "<group>"; };
		504E10B51A6E3C7200F461FF /* Base */ = {isa = PBXFileReference; lastKnownFileType = file.storyboard; name = Base; path = Base.lproj/Main.storyboard; sourceTree = "<group>"; };
		504E10B71A6E3C7200F461FF /* Images.xcassets */ = {isa = PBXFileReference; lastKnownFileType = folder.assetcatalog; path = Images.xcassets; sourceTree = "<group>"; };
		504E10BA1A6E3C7200F461FF /* Base */ = {isa = PBXFileReference; lastKnownFileType = file.xib; name = Base; path = Base.lproj/LaunchScreen.xib; sourceTree = "<group>"; };
		504E10C01A6E3C7200F461FF /* SemverTests.xctest */ = {isa = PBXFileReference; explicitFileType = wrapper.cfbundle; includeInIndex = 0; path = SemverTests.xctest; sourceTree = BUILT_PRODUCTS_DIR; };
		504E10C51A6E3C7200F461FF /* Info.plist */ = {isa = PBXFileReference; lastKnownFileType = text.plist.xml; path = Info.plist; sourceTree = "<group>"; };
		504E10C61A6E3C7200F461FF /* SemverTests.swift */ = {isa = PBXFileReference; lastKnownFileType = sourcecode.swift; path = SemverTests.swift; sourceTree = "<group>"; };
		504E10D01A6E3C8200F461FF /* Semver.swift */ = {isa = PBXFileReference; fileEncoding = 4; lastKnownFileType = sourcecode.swift; path = Semver.swift; sourceTree = "<group>"; };
/* End PBXFileReference section */

/* Begin PBXFrameworksBuildPhase section */
		504E10A81A6E3C7200F461FF /* Frameworks */ = {
			isa = PBXFrameworksBuildPhase;
			buildActionMask = 2147483647;
			files = (
			);
			runOnlyForDeploymentPostprocessing = 0;
		};
		504E10BD1A6E3C7200F461FF /* Frameworks */ = {
			isa = PBXFrameworksBuildPhase;
			buildActionMask = 2147483647;
			files = (
			);
			runOnlyForDeploymentPostprocessing = 0;
		};
/* End PBXFrameworksBuildPhase section */

/* Begin PBXGroup section */
		504E10A21A6E3C7200F461FF = {
			isa = PBXGroup;
			children = (
				504E10AD1A6E3C7200F461FF /* Semver */,
				504E10C31A6E3C7200F461FF /* SemverTests */,
				504E10AC1A6E3C7200F461FF /* Products */,
			);
			sourceTree = "<group>";
		};
		504E10AC1A6E3C7200F461FF /* Products */ = {
			isa = PBXGroup;
			children = (
				504E10AB1A6E3C7200F461FF /* Semver.app */,
				504E10C01A6E3C7200F461FF /* SemverTests.xctest */,
			);
			name = Products;
			sourceTree = "<group>";
		};
		504E10AD1A6E3C7200F461FF /* Semver */ = {
			isa = PBXGroup;
			children = (
				504E10B01A6E3C7200F461FF /* AppDelegate.swift */,
				504E10B21A6E3C7200F461FF /* ViewController.swift */,
				504E10B41A6E3C7200F461FF /* Main.storyboard */,
				504E10B71A6E3C7200F461FF /* Images.xcassets */,
				504E10B91A6E3C7200F461FF /* LaunchScreen.xib */,
				504E10AE1A6E3C7200F461FF /* Supporting Files */,
				504E10D01A6E3C8200F461FF /* Semver.swift */,
			);
			path = Semver;
			sourceTree = "<group>";
		};
		504E10AE1A6E3C7200F461FF /* Supporting Files */ = {
			isa = PBXGroup;
			children = (
				504E10AF1A6E3C7200F461FF /* Info.plist */,
			);
			name = "Supporting Files";
			sourceTree = "<group>";
		};
		504E10C31A6E3C7200F461FF /* SemverTests */ = {
			isa = PBXGroup;
			children = (
				504E10C61A6E3C7200F461FF /* SemverTests.swift */,
				504E10C41A6E3C7200F461FF /* Supporting Files */,
			);
			path = SemverTests;
			sourceTree = "<group>";
		};
		504E10C41A6E3C7200F461FF /* Supporting Files */ = {
			isa = PBXGroup;
			children = (
				504E10C51A6E3C7200F461FF /* Info.plist */,
			);
			name = "Supporting Files";
			sourceTree = "<group>";
		};
/* End PBXGroup section */

/* Begin PBXNativeTarget section */
		504E10AA1A6E3C7200F461FF /* Semver */ = {
			isa = PBXNativeTarget;
			buildConfigurationList = 504E10CA1A6E3C7200F461FF /* Build configuration list for PBXNativeTarget "Semver" */;
			buildPhases = (
				504E10A71A6E3C7200F461FF /* Sources */,
				504E10A81A6E3C7200F461FF /* Frameworks */,
				504E10A91A6E3C7200F461FF /* Resources */,
			);
			buildRules = (
			);
			dependencies = (
			);
			name = Semver;
			productName = Semver;
			productReference = 504E10AB1A6E3C7200F461FF /* Semver.app */;
			productType = "com.apple.product-type.application";
		};
		504E10BF1A6E3C7200F461FF /* SemverTests */ = {
			isa = PBXNativeTarget;
			buildConfigurationList = 504E10CD1A6E3C7200F461FF /* Build configuration list for PBXNativeTarget "SemverTests" */;
			buildPhases = (
				504E10BC1A6E3C7200F461FF /* Sources */,
				504E10BD1A6E3C7200F461FF /* Frameworks */,
				504E10BE1A6E3C7200F461FF /* Resources */,
			);
			buildRules = (
			);
			dependencies = (
				504E10C21A6E3C7200F461FF /* PBXTargetDependency */,
			);
			name = SemverTests;
			productName = SemverTests;
			productReference = 504E10C01A6E3C7200F461FF /* SemverTests.xctest */;
			productType = "com.apple.product-type.bundle.unit-test";
		};
/* End PBXNativeTarget section */

/* Begin PBXProject section */
		504E10A31A6E3C7200F461FF /* Project object */ = {
			isa = PBXProject;
			attributes = {
				LastUpgradeCheck = 0610;
				ORGANIZATIONNAME = "di wu";
				TargetAttributes = {
					504E10AA1A6E3C7200F461FF = {
						CreatedOnToolsVersion = 6.1.1;
					};
					504E10BF1A6E3C7200F461FF = {
						CreatedOnToolsVersion = 6.1.1;
						TestTargetID = 504E10AA1A6E3C7200F461FF;
					};
				};
			};
			buildConfigurationList = 504E10A61A6E3C7200F461FF /* Build configuration list for PBXProject "Semver" */;
			compatibilityVersion = "Xcode 3.2";
			developmentRegion = English;
			hasScannedForEncodings = 0;
			knownRegions = (
				en,
				Base,
			);
			mainGroup = 504E10A21A6E3C7200F461FF;
			productRefGroup = 504E10AC1A6E3C7200F461FF /* Products */;
			projectDirPath = "";
			projectRoot = "";
			targets = (
				504E10AA1A6E3C7200F461FF /* Semver */,
				504E10BF1A6E3C7200F461FF /* SemverTests */,
			);
		};
/* End PBXProject section */

/* Begin PBXResourcesBuildPhase section */
		504E10A91A6E3C7200F461FF /* Resources */ = {
			isa = PBXResourcesBuildPhase;
			buildActionMask = 2147483647;
			files = (
				504E10B61A6E3C7200F461FF /* Main.storyboard in Resources */,
				504E10BB1A6E3C7200F461FF /* LaunchScreen.xib in Resources */,
				504E10B81A6E3C7200F461FF /* Images.xcassets in Resources */,
			);
			runOnlyForDeploymentPostprocessing = 0;
		};
		504E10BE1A6E3C7200F461FF /* Resources */ = {
			isa = PBXResourcesBuildPhase;
			buildActionMask = 2147483647;
			files = (
			);
			runOnlyForDeploymentPostprocessing = 0;
		};
/* End PBXResourcesBuildPhase section */

/* Begin PBXSourcesBuildPhase section */
		504E10A71A6E3C7200F461FF /* Sources */ = {
			isa = PBXSourcesBuildPhase;
			buildActionMask = 2147483647;
			files = (
				504E10D11A6E3C8200F461FF /* Semver.swift in Sources */,
				504E10B31A6E3C7200F461FF /* ViewController.swift in Sources */,
				504E10B11A6E3C7200F461FF /* AppDelegate.swift in Sources */,
			);
			runOnlyForDeploymentPostprocessing = 0;
		};
		504E10BC1A6E3C7200F461FF /* Sources */ = {
			isa = PBXSourcesBuildPhase;
			buildActionMask = 2147483647;
			files = (
				504E10C71A6E3C7200F461FF /* SemverTests.swift in Sources */,
			);
			runOnlyForDeploymentPostprocessing = 0;
		};
/* End PBXSourcesBuildPhase section */

/* Begin PBXTargetDependency section */
		504E10C21A6E3C7200F461FF /* PBXTargetDependency */ = {
			isa = PBXTargetDependency;
			target = 504E10AA1A6E3C7200F461FF /* Semver */;
			targetProxy = 504E10C11A6E3C7200F461FF /* PBXContainerItemProxy */;
		};
/* End PBXTargetDependency section */

/* Begin PBXVariantGroup section */
		504E10B41A6E3C7200F461FF /* Main.storyboard */ = {
			isa = PBXVariantGroup;
			children = (
				504E10B51A6E3C7200F461FF /* Base */,
			);
			name = Main.storyboard;
			sourceTree = "<group>";
		};
		504E10B91A6E3C7200F461FF /* LaunchScreen.xib */ = {
			isa = PBXVariantGroup;
			children = (
				504E10BA1A6E3C7200F461FF /* Base */,
			);
			name = LaunchScreen.xib;
			sourceTree = "<group>";
		};
/* End PBXVariantGroup section */

/* Begin XCBuildConfiguration section */
		504E10C81A6E3C7200F461FF /* Debug */ = {
			isa = XCBuildConfiguration;
			buildSettings = {
				ALWAYS_SEARCH_USER_PATHS = NO;
				CLANG_CXX_LANGUAGE_STANDARD = "gnu++0x";
				CLANG_CXX_LIBRARY = "libc++";
				CLANG_ENABLE_MODULES = YES;
				CLANG_ENABLE_OBJC_ARC = YES;
				CLANG_WARN_BOOL_CONVERSION = YES;
				CLANG_WARN_CONSTANT_CONVERSION = YES;
				CLANG_WARN_DIRECT_OBJC_ISA_USAGE = YES_ERROR;
				CLANG_WARN_EMPTY_BODY = YES;
				CLANG_WARN_ENUM_CONVERSION = YES;
				CLANG_WARN_INT_CONVERSION = YES;
				CLANG_WARN_OBJC_ROOT_CLASS = YES_ERROR;
				CLANG_WARN_UNREACHABLE_CODE = YES;
				CLANG_WARN__DUPLICATE_METHOD_MATCH = YES;
				"CODE_SIGN_IDENTITY[sdk=iphoneos*]" = "iPhone Developer";
				COPY_PHASE_STRIP = NO;
				ENABLE_STRICT_OBJC_MSGSEND = YES;
				GCC_C_LANGUAGE_STANDARD = gnu99;
				GCC_DYNAMIC_NO_PIC = NO;
				GCC_OPTIMIZATION_LEVEL = 0;
				GCC_PREPROCESSOR_DEFINITIONS = (
					"DEBUG=1",
					"$(inherited)",
				);
				GCC_SYMBOLS_PRIVATE_EXTERN = NO;
				GCC_WARN_64_TO_32_BIT_CONVERSION = YES;
				GCC_WARN_ABOUT_RETURN_TYPE = YES_ERROR;
				GCC_WARN_UNDECLARED_SELECTOR = YES;
				GCC_WARN_UNINITIALIZED_AUTOS = YES_AGGRESSIVE;
				GCC_WARN_UNUSED_FUNCTION = YES;
				GCC_WARN_UNUSED_VARIABLE = YES;
				IPHONEOS_DEPLOYMENT_TARGET = 8.1;
				MTL_ENABLE_DEBUG_INFO = YES;
				ONLY_ACTIVE_ARCH = YES;
				SDKROOT = iphoneos;
				SWIFT_OPTIMIZATION_LEVEL = "-Onone";
			};
			name = Debug;
		};
		504E10C91A6E3C7200F461FF /* Release */ = {
			isa = XCBuildConfiguration;
			buildSettings = {
				ALWAYS_SEARCH_USER_PATHS = NO;
				CLANG_CXX_LANGUAGE_STANDARD = "gnu++0x";
				CLANG_CXX_LIBRARY = "libc++";
				CLANG_ENABLE_MODULES = YES;
				CLANG_ENABLE_OBJC_ARC = YES;
				CLANG_WARN_BOOL_CONVERSION = YES;
				CLANG_WARN_CONSTANT_CONVERSION = YES;
				CLANG_WARN_DIRECT_OBJC_ISA_USAGE = YES_ERROR;
				CLANG_WARN_EMPTY_BODY = YES;
				CLANG_WARN_ENUM_CONVERSION = YES;
				CLANG_WARN_INT_CONVERSION = YES;
				CLANG_WARN_OBJC_ROOT_CLASS = YES_ERROR;
				CLANG_WARN_UNREACHABLE_CODE = YES;
				CLANG_WARN__DUPLICATE_METHOD_MATCH = YES;
				"CODE_SIGN_IDENTITY[sdk=iphoneos*]" = "iPhone Developer";
				COPY_PHASE_STRIP = YES;
				ENABLE_NS_ASSERTIONS = NO;
				ENABLE_STRICT_OBJC_MSGSEND = YES;
				GCC_C_LANGUAGE_STANDARD = gnu99;
				GCC_WARN_64_TO_32_BIT_CONVERSION = YES;
				GCC_WARN_ABOUT_RETURN_TYPE = YES_ERROR;
				GCC_WARN_UNDECLARED_SELECTOR = YES;
				GCC_WARN_UNINITIALIZED_AUTOS = YES_AGGRESSIVE;
				GCC_WARN_UNUSED_FUNCTION = YES;
				GCC_WARN_UNUSED_VARIABLE = YES;
				IPHONEOS_DEPLOYMENT_TARGET = 8.1;
				MTL_ENABLE_DEBUG_INFO = NO;
				SDKROOT = iphoneos;
				VALIDATE_PRODUCT = YES;
			};
			name = Release;
		};
		504E10CB1A6E3C7200F461FF /* Debug */ = {
			isa = XCBuildConfiguration;
			buildSettings = {
				ASSETCATALOG_COMPILER_APPICON_NAME = AppIcon;
				INFOPLIST_FILE = Semver/Info.plist;
				LD_RUNPATH_SEARCH_PATHS = "$(inherited) @executable_path/Frameworks";
				PRODUCT_NAME = "$(TARGET_NAME)";
			};
			name = Debug;
		};
		504E10CC1A6E3C7200F461FF /* Release */ = {
			isa = XCBuildConfiguration;
			buildSettings = {
				ASSETCATALOG_COMPILER_APPICON_NAME = AppIcon;
				INFOPLIST_FILE = Semver/Info.plist;
				LD_RUNPATH_SEARCH_PATHS = "$(inherited) @executable_path/Frameworks";
				PRODUCT_NAME = "$(TARGET_NAME)";
			};
			name = Release;
		};
		504E10CE1A6E3C7200F461FF /* Debug */ = {
			isa = XCBuildConfiguration;
			buildSettings = {
				BUNDLE_LOADER = "$(TEST_HOST)";
				FRAMEWORK_SEARCH_PATHS = (
					"$(SDKROOT)/Developer/Library/Frameworks",
					"$(inherited)",
				);
				GCC_PREPROCESSOR_DEFINITIONS = (
					"DEBUG=1",
					"$(inherited)",
				);
				INFOPLIST_FILE = SemverTests/Info.plist;
				LD_RUNPATH_SEARCH_PATHS = "$(inherited) @executable_path/Frameworks @loader_path/Frameworks";
				PRODUCT_NAME = "$(TARGET_NAME)";
				TEST_HOST = "$(BUILT_PRODUCTS_DIR)/Semver.app/Semver";
			};
			name = Debug;
		};
		504E10CF1A6E3C7200F461FF /* Release */ = {
			isa = XCBuildConfiguration;
			buildSettings = {
				BUNDLE_LOADER = "$(TEST_HOST)";
				FRAMEWORK_SEARCH_PATHS = (
					"$(SDKROOT)/Developer/Library/Frameworks",
					"$(inherited)",
				);
				INFOPLIST_FILE = SemverTests/Info.plist;
				LD_RUNPATH_SEARCH_PATHS = "$(inherited) @executable_path/Frameworks @loader_path/Frameworks";
				PRODUCT_NAME = "$(TARGET_NAME)";
				TEST_HOST = "$(BUILT_PRODUCTS_DIR)/Semver.app/Semver";
			};
			name = Release;
		};
/* End XCBuildConfiguration section */

/* Begin XCConfigurationList section */
		504E10A61A6E3C7200F461FF /* Build configuration list for PBXProject "Semver" */ = {
			isa = XCConfigurationList;
			buildConfigurations = (
				504E10C81A6E3C7200F461FF /* Debug */,
				504E10C91A6E3C7200F461FF /* Release */,
			);
			defaultConfigurationIsVisible = 0;
			defaultConfigurationName = Release;
		};
		504E10CA1A6E3C7200F461FF /* Build configuration list for PBXNativeTarget "Semver" */ = {
			isa = XCConfigurationList;
			buildConfigurations = (
				504E10CB1A6E3C7200F461FF /* Debug */,
				504E10CC1A6E3C7200F461FF /* Release */,
			);
			defaultConfigurationIsVisible = 0;
		};
		504E10CD1A6E3C7200F461FF /* Build configuration list for PBXNativeTarget "SemverTests" */ = {
			isa = XCConfigurationList;
			buildConfigurations = (
				504E10CE1A6E3C7200F461FF /* Debug */,
				504E10CF1A6E3C7200F461FF /* Release */,
			);
			defaultConfigurationIsVisible = 0;
		};
/* End XCConfigurationList section */
	};
	rootObject = 504E10A31A6E3C7200F461FF /* Project object */;
}
